
Microsoft Visual Studio Solution File, Format Version 12.00
# Visual Studio 15
VisualStudioVersion = 15.0.27004.2009
MinimumVisualStudioVersion = 10.0.40219.1
Project("{FAE04EC0-301F-11D3-BF4B-00C04F79EFBC}") = "FirstProgram", "FirstProgram\FirstProgram.csproj", "{2E666F4C-427B-453B-9CD9-E30FE03DF4C3}"
EndProject
Project("{FAE04EC0-301F-11D3-BF4B-00C04F79EFBC}") = "ObjemKrychle", "ObjemKrychle\ObjemKrychle.csproj", "{815115FB-660E-49BF-817C-C0044A2708EC}"
EndProject
Project("{FAE04EC0-301F-11D3-BF4B-00C04F79EFBC}") = "ObjemACenaBazenu", "ObjemACenaBazenu\ObjemACenaBazenu.csproj", "{3C42BB83-2EC6-4224-834A-73CED49F6616}"
EndProject
Project("{FAE04EC0-301F-11D3-BF4B-00C04F79EFBC}") = "RealneDatoveTypy", "RealneDatoveTypy\RealneDatoveTypy.csproj", "{6DD5F281-BF29-4C87-ABC3-69632A2E7966}"
EndProject
Project("{FAE04EC0-301F-11D3-BF4B-00C04F79EFBC}") = "ObjemStudny", "ObjemStudny\ObjemStudny.csproj", "{9CF053D9-85EA-4591-86C1-EA6799760219}"
EndProject
Project("{FAE04EC0-301F-11D3-BF4B-00C04F79EFBC}") = "PythagorasSentence", "PythagorasSentence\PythagorasSentence.csproj", "{44DDF883-9CDA-4DA5-9EF2-722E928C18E2}"
EndProject
Project("{FAE04EC0-301F-11D3-BF4B-00C04F79EFBC}") = "Resistor", "Resistor\Resistor.csproj", "{474A4534-6C06-40CA-BF1B-15501180A92E}"
EndProject
Project("{FAE04EC0-301F-11D3-BF4B-00C04F79EFBC}") = "BMI", "BMI\BMI.csproj", "{042B9A0E-F6AF-4BA4-A02D-77AC1ECADD8D}"
EndProject
Project("{FAE04EC0-301F-11D3-BF4B-00C04F79EFBC}") = "Conditions", "Conditions\Conditions.csproj", "{97BF8439-B93E-4974-9C7B-0B3682306727}"
EndProject
Project("{FAE04EC0-301F-11D3-BF4B-00C04F79EFBC}") = "HighestNumber", "HighestNumber\HighestNumber.csproj", "{D7A361E9-1CED-4BF4-969E-711CEC84B35A}"
EndProject
Project("{FAE04EC0-301F-11D3-BF4B-00C04F79EFBC}") = "Pojistka", "Zarovka\Pojistka.csproj", "{4C94C4AB-5228-43B5-BD5A-56110FB6D3F5}"
EndProject
Project("{FAE04EC0-301F-11D3-BF4B-00C04F79EFBC}") = "Bool", "Bool\Bool.csproj", "{3926EAE7-4F5F-47F0-BF92-C8659981CCF7}"
EndProject
Project("{FAE04EC0-301F-11D3-BF4B-00C04F79EFBC}") = "Modulo", "Modulo\Modulo.csproj", "{5D50E7FF-6B3E-41F4-A32D-0BCAFDE39118}"
EndProject
Project("{FAE04EC0-301F-11D3-BF4B-00C04F79EFBC}") = "PrestupnyRok", "Přestupný rok\PrestupnyRok.csproj", "{52136604-0CBC-4989-ADCA-F3BA7017086F}"
EndProject
Project("{FAE04EC0-301F-11D3-BF4B-00C04F79EFBC}") = "Soucastky", "Soucastky\Soucastky.csproj", "{4CBF49AE-B9D8-4FA5-89E0-E6B0C9062196}"
EndProject
Project("{FAE04EC0-301F-11D3-BF4B-00C04F79EFBC}") = "Switch", "Switch\Switch.csproj", "{06CD05E0-93F1-4E47-9909-D69AD6539E3E}"
EndProject
Project("{FAE04EC0-301F-11D3-BF4B-00C04F79EFBC}") = "Kostka", "Kostka\Kostka.csproj", "{AEF238CE-8A29-43CB-BA77-E40B93C9138A}"
EndProject
Project("{FAE04EC0-301F-11D3-BF4B-00C04F79EFBC}") = "KamenNuzkyPapir", "KamenNuzkyPapir\KamenNuzkyPapir.csproj", "{B0BB1F20-F8B1-4ED9-BEBF-BAE617A6921E}"
EndProject
Project("{FAE04EC0-301F-11D3-BF4B-00C04F79EFBC}") = "Trojuhelnik", "Trojuhelnik\Trojuhelnik.csproj", "{65725947-6D0A-4DE9-88C0-C573801DB54C}"
EndProject
Project("{FAE04EC0-301F-11D3-BF4B-00C04F79EFBC}") = "PocetPrestupnychRoku", "PocetPrestupnychRoku\PocetPrestupnychRoku.csproj", "{E4AA660F-9254-4478-9D62-AFD48385DEAD}"
EndProject
Project("{FAE04EC0-301F-11D3-BF4B-00C04F79EFBC}") = "VterinyDen", "VterinyDen\VterinyDen.csproj", "{B397EA27-E029-4AE8-A4C9-BFCDD75BF2BF}"
EndProject
Project("{FAE04EC0-301F-11D3-BF4B-00C04F79EFBC}") = "PocetDnuNarozen", "PocetDnuNarozen\PocetDnuNarozen.csproj", "{B6E80688-AEEC-4572-A0EE-F9476505AC9F}"
EndProject
Project("{FAE04EC0-301F-11D3-BF4B-00C04F79EFBC}") = "NejmensiCislo", "NejmensiCislo\NejmensiCislo.csproj", "{6000491A-E9F3-4840-A69D-3DFC832C706F}"
EndProject
Project("{FAE04EC0-301F-11D3-BF4B-00C04F79EFBC}") = "Beep", "Beep\Beep.csproj", "{C332B4C5-2E85-4138-B669-529E43B10BB1}"
EndProject
Project("{FAE04EC0-301F-11D3-BF4B-00C04F79EFBC}") = "VymalbaMistnosti", "VymalbaMistnosti\VymalbaMistnosti.csproj", "{EBD1897D-1EB0-4900-8132-F48C7628F0B3}"
EndProject
Project("{FAE04EC0-301F-11D3-BF4B-00C04F79EFBC}") = "PocetDelitelnychCisel", "PocetDelitelnychCisel\PocetDelitelnychCisel.csproj", "{A5451626-F84E-4E34-AA42-2411ACBE6A8F}"
EndProject
Project("{FAE04EC0-301F-11D3-BF4B-00C04F79EFBC}") = "Char", "Char\Char.csproj", "{67C4205D-C352-4173-86FE-79B645A59382}"
EndProject
Project("{FAE04EC0-301F-11D3-BF4B-00C04F79EFBC}") = "String", "String\String.csproj", "{4FE21373-AB6B-47B1-BE30-838398147694}"
EndProject
Project("{FAE04EC0-301F-11D3-BF4B-00C04F79EFBC}") = "PrejOpacko", "PrejOpacko\PrejOpacko.csproj", "{A7DFECB7-34CD-4848-85FA-60DA43ABBA05}"
EndProject
Project("{FAE04EC0-301F-11D3-BF4B-00C04F79EFBC}") = "Pyramida", "Piramida\Pyramida.csproj", "{F0D21493-2948-4940-ACF5-597A5DCDAC61}"
EndProject
Project("{FAE04EC0-301F-11D3-BF4B-00C04F79EFBC}") = "ProcentZnaku", "ProcentZnaku\ProcentZnaku.csproj", "{24686535-7A60-4CDA-B231-9ED59F1EA20F}"
EndProject
Project("{FAE04EC0-301F-11D3-BF4B-00C04F79EFBC}") = "PrumernyPocetZnakuVeVete", "PrumernyPocetZnakuVeVete\PrumernyPocetZnakuVeVete.csproj", "{928B3AD2-09D1-4A16-AE1A-692F3FE2E287}"
EndProject
Project("{FAE04EC0-301F-11D3-BF4B-00C04F79EFBC}") = "VypisCisel", "VypisCisel\VypisCisel.csproj", "{33A1B452-D13D-4D11-9E75-4C9878CFDE04}"
EndProject
Project("{FAE04EC0-301F-11D3-BF4B-00C04F79EFBC}") = "Arrays", "Arrays\Arrays.csproj", "{A40DA870-7281-4E72-9782-55E7FED9AA42}"
EndProject
Project("{FAE04EC0-301F-11D3-BF4B-00C04F79EFBC}") = "NejvetsiNejmensiCislo", "NejvetsiCislo\NejvetsiNejmensiCislo.csproj", "{054CB384-E822-4055-A521-1C2D56F83D03}"
EndProject
Project("{FAE04EC0-301F-11D3-BF4B-00C04F79EFBC}") = "Christmas", "Christmas\Christmas.csproj", "{551981EE-C6D1-4B71-BCB8-0A867168461C}"
EndProject
Project("{FAE04EC0-301F-11D3-BF4B-00C04F79EFBC}") = "Morseovka", "Morseovka\Morseovka.csproj", "{F68641F9-598E-4737-9EA5-E63E46E6CA6A}"
EndProject
Project("{FAE04EC0-301F-11D3-BF4B-00C04F79EFBC}") = "5CiselNejvetsiNejmensi", "5CiselNejvetsiNejmensi\5CiselNejvetsiNejmensi.csproj", "{2D78C23F-C43E-4C98-A976-C4A050FF97B7}"
EndProject
Project("{FAE04EC0-301F-11D3-BF4B-00C04F79EFBC}") = "PoleOpak", "PoleOpak\PoleOpak.csproj", "{B1789A02-D511-4532-8E5B-FB36FC1772B5}"
EndProject
Project("{FAE04EC0-301F-11D3-BF4B-00C04F79EFBC}") = "NahodnePole", "NahodnePole\NahodnePole.csproj", "{30501C78-5F46-47F8-A728-37AB5E201B56}"
EndProject
Project("{FAE04EC0-301F-11D3-BF4B-00C04F79EFBC}") = "StringOpak", "StringOpak\StringOpak.csproj", "{A0DE2CC5-A8B4-404C-87ED-D0282AF50FDD}"
EndProject
Project("{FAE04EC0-301F-11D3-BF4B-00C04F79EFBC}") = "StringAdvanced", "StringAdvanced\StringAdvanced.csproj", "{B3C7761F-FF75-47C9-9B1C-CA46CDF9A375}"
EndProject
Project("{FAE04EC0-301F-11D3-BF4B-00C04F79EFBC}") = "Convert", "Convert\Convert.csproj", "{285B0F3A-A668-4F74-B75C-EFF6041F8B4B}"
EndProject
Project("{FAE04EC0-301F-11D3-BF4B-00C04F79EFBC}") = "CaesarovaSifra", "CaesarovaSifra\CaesarovaSifra.csproj", "{8A6C8C40-59C7-45C4-AA41-2DF432D3183A}"
EndProject
Project("{FAE04EC0-301F-11D3-BF4B-00C04F79EFBC}") = "NejakaPisemka", "NejakaPisemka\NejakaPisemka.csproj", "{FE835653-6B9A-4D5A-9FF5-028643B40BBE}"
EndProject
Project("{FAE04EC0-301F-11D3-BF4B-00C04F79EFBC}") = "2DArray", "2DArray\2DArray.csproj", "{DE121EA3-0C18-4646-9894-5B171FC83013}"
EndProject
Project("{FAE04EC0-301F-11D3-BF4B-00C04F79EFBC}") = "Lode", "Lode\Lode.csproj", "{C7188AB2-2AC2-425E-BD37-6C8EF305F58B}"
EndProject
Project("{FAE04EC0-301F-11D3-BF4B-00C04F79EFBC}") = "Miny", "Miny\Miny.csproj", "{77F1A758-CE3F-49AF-BA31-28AFE6F3BB96}"
EndProject
Project("{FAE04EC0-301F-11D3-BF4B-00C04F79EFBC}") = "RandomUloha", "RandomUloha\RandomUloha.csproj", "{56CA4260-66D5-401A-ABBF-AF2D92D75835}"
EndProject
Project("{FAE04EC0-301F-11D3-BF4B-00C04F79EFBC}") = "WTFPole", "WTFPole\WTFPole.csproj", "{F4636B60-6C47-4FCE-B034-4AB7D6C1F440}"
EndProject
Project("{FAE04EC0-301F-11D3-BF4B-00C04F79EFBC}") = "List", "List\List.csproj", "{DDB74DF2-E48C-4ABB-8BDF-0D38D9197D6A}"
EndProject
Project("{FAE04EC0-301F-11D3-BF4B-00C04F79EFBC}") = "ObjektyJej", "ObjektyJej\ObjektyJej.csproj", "{A67F9B96-AFCC-4BDB-9557-303BA1BE21B5}"
EndProject
Project("{FAE04EC0-301F-11D3-BF4B-00C04F79EFBC}") = "HraCisla", "HraCisla\HraCisla.csproj", "{BA98105E-1683-4BFA-9FCB-9DB56ED64C2E}"
EndProject
Project("{FAE04EC0-301F-11D3-BF4B-00C04F79EFBC}") = "Prumerovani", "Prumerovani\Prumerovani.csproj", "{58101109-E7B0-42B7-BC22-43C9D6735349}"
EndProject
Project("{FAE04EC0-301F-11D3-BF4B-00C04F79EFBC}") = "UkolObsahKruznice", "UkolObsahKruznice\UkolObsahKruznice.csproj", "{F62C1179-9DD5-46DC-A90A-FD263C5F3499}"
EndProject
Project("{FAE04EC0-301F-11D3-BF4B-00C04F79EFBC}") = "Dedicnost", "Dedicnost\Dedicnost.csproj", "{D6E839B5-E914-4B90-A5A8-B8D0F4E6B5A7}"
EndProject
Project("{FAE04EC0-301F-11D3-BF4B-00C04F79EFBC}") = "LodeAdvanced", "LodeAdvanced\LodeAdvanced.csproj", "{FA8959D0-37F7-4242-9070-11FBB4E4E929}"
EndProject
Project("{FAE04EC0-301F-11D3-BF4B-00C04F79EFBC}") = "Kralici", "Kralici\Kralici.csproj", "{E9F898DB-8ADE-4225-A3F7-B36801A8C3A3}"
EndProject
Project("{FAE04EC0-301F-11D3-BF4B-00C04F79EFBC}") = "CloveceNezlobSe", "CloveceNezlobSe\CloveceNezlobSe.csproj", "{96D79B1A-1B78-45AA-997C-A642F2457D1F}"
EndProject
Project("{FAE04EC0-301F-11D3-BF4B-00C04F79EFBC}") = "KruzniceHuhu", "KruzniceHuhu\KruzniceHuhu.csproj", "{F4A4D526-E22A-40EB-A7BF-6D17CCB7613D}"
EndProject
Project("{FAE04EC0-301F-11D3-BF4B-00C04F79EFBC}") = "Stromy", "Stromy\Stromy.csproj", "{6B91ECEA-833A-4088-BCC9-A5DE38734A89}"
EndProject
Project("{FAE04EC0-301F-11D3-BF4B-00C04F79EFBC}") = "radekProgram", "radekProgram\radekProgram.csproj", "{E3EB12F7-59FE-4F1F-9CFD-BB74937AA8FB}"
EndProject
Project("{FAE04EC0-301F-11D3-BF4B-00C04F79EFBC}") = "ZapisCteniSouboru", "ZapisCteniSouboru\ZapisCteniSouboru.csproj", "{9E77E495-E0A1-469D-B09E-75A28AB68DE6}"
EndProject
Project("{FAE04EC0-301F-11D3-BF4B-00C04F79EFBC}") = "MomentalniCas", "MomentalniCas\MomentalniCas.csproj", "{052704E3-4BFE-4B89-B8D3-35D476B2716B}"
EndProject
Project("{FAE04EC0-301F-11D3-BF4B-00C04F79EFBC}") = "RozdilDatumu", "RozdilDatumu\RozdilDatumu.csproj", "{8DE0C2F0-375D-4355-B24E-412FC25E01EE}"
EndProject
Project("{FAE04EC0-301F-11D3-BF4B-00C04F79EFBC}") = "PalindromDetektor", "PalindromDetektor\PalindromDetektor.csproj", "{8AF51A9D-8573-4EA7-8FE0-8FE73B6A23A7}"
EndProject
Project("{FAE04EC0-301F-11D3-BF4B-00C04F79EFBC}") = "Slovnik", "Slovnik\Slovnik.csproj", "{D13B2BC8-5214-465B-A71E-96234146A3A7}"
EndProject
Project("{FAE04EC0-301F-11D3-BF4B-00C04F79EFBC}") = "MetodyHahahaha", "MetodyHahahaha\MetodyHahahaha.csproj", "{F6371D34-FED2-4C60-8DB0-19D30A9F4082}"
EndProject
Project("{FAE04EC0-301F-11D3-BF4B-00C04F79EFBC}") = "Rekurze", "Rekurze\Rekurze.csproj", "{74C0FBB8-8CD0-43A1-97E7-AC32F8055E86}"
EndProject
Project("{FAE04EC0-301F-11D3-BF4B-00C04F79EFBC}") = "PropertyChanged", "PropertyChanged\PropertyChanged.csproj", "{D1B9DBF4-D46D-4F88-9709-CF041F60ECEB}"
EndProject
Project("{FAE04EC0-301F-11D3-BF4B-00C04F79EFBC}") = "Piskvorky", "Piskvorky\Piskvorky.csproj", "{3F347ECE-19CF-46A2-8A5A-66415F37FE7B}"
EndProject
Project("{FAE04EC0-301F-11D3-BF4B-00C04F79EFBC}") = "OOP", "OOP\OOP.csproj", "{5CD41278-7D66-48FD-A339-59CE5D0443B6}"
EndProject
Project("{FAE04EC0-301F-11D3-BF4B-00C04F79EFBC}") = "ObjektyZnovuXD", "ObjektyZnovuXD\ObjektyZnovuXD.csproj", "{757CDA38-942C-4A01-823C-DB359FDEDD44}"
EndProject
Project("{FAE04EC0-301F-11D3-BF4B-00C04F79EFBC}") = "CviceniObjektyBanka", "CviceniObjektyBanka\CviceniObjektyBanka.csproj", "{BBB82E5F-81DE-4265-98BB-F9CB0915ED12}"
EndProject
Project("{FAE04EC0-301F-11D3-BF4B-00C04F79EFBC}") = "AutomobilPisemka", "AutomobilPisemka\AutomobilPisemka.csproj", "{FB7F9551-A29E-42AE-8403-8D8E26FDD06B}"
EndProject
Project("{FAE04EC0-301F-11D3-BF4B-00C04F79EFBC}") = "Pisemka", "Pisemka\Pisemka.csproj", "{9F0673C6-E427-4F2C-A38D-E2FFA151DFF3}"
EndProject
Project("{FAE04EC0-301F-11D3-BF4B-00C04F79EFBC}") = "ArrayListHehe", "ArrayListHehe\ArrayListHehe.csproj", "{9FF8C39D-1E40-46CC-8898-46A9D8E30786}"
EndProject
Project("{FAE04EC0-301F-11D3-BF4B-00C04F79EFBC}") = "ListHehe", "ListHehe\ListHehe.csproj", "{BCC12B7E-EA9B-44F5-A248-ACBDBF322A2B}"
EndProject
Project("{FAE04EC0-301F-11D3-BF4B-00C04F79EFBC}") = "FileReadWrite", "FileReadWrite\FileReadWrite.csproj", "{FFDD4AF3-B4DB-4A60-AFA9-DA5920377C15}"
EndProject
Global
	GlobalSection(SolutionConfigurationPlatforms) = preSolution
		Debug|Any CPU = Debug|Any CPU
		Release|Any CPU = Release|Any CPU
	EndGlobalSection
	GlobalSection(ProjectConfigurationPlatforms) = postSolution
		{2E666F4C-427B-453B-9CD9-E30FE03DF4C3}.Debug|Any CPU.ActiveCfg = Debug|Any CPU
		{2E666F4C-427B-453B-9CD9-E30FE03DF4C3}.Debug|Any CPU.Build.0 = Debug|Any CPU
		{2E666F4C-427B-453B-9CD9-E30FE03DF4C3}.Release|Any CPU.ActiveCfg = Release|Any CPU
		{2E666F4C-427B-453B-9CD9-E30FE03DF4C3}.Release|Any CPU.Build.0 = Release|Any CPU
		{815115FB-660E-49BF-817C-C0044A2708EC}.Debug|Any CPU.ActiveCfg = Debug|Any CPU
		{815115FB-660E-49BF-817C-C0044A2708EC}.Debug|Any CPU.Build.0 = Debug|Any CPU
		{815115FB-660E-49BF-817C-C0044A2708EC}.Release|Any CPU.ActiveCfg = Release|Any CPU
		{815115FB-660E-49BF-817C-C0044A2708EC}.Release|Any CPU.Build.0 = Release|Any CPU
		{3C42BB83-2EC6-4224-834A-73CED49F6616}.Debug|Any CPU.ActiveCfg = Debug|Any CPU
		{3C42BB83-2EC6-4224-834A-73CED49F6616}.Debug|Any CPU.Build.0 = Debug|Any CPU
		{3C42BB83-2EC6-4224-834A-73CED49F6616}.Release|Any CPU.ActiveCfg = Release|Any CPU
		{3C42BB83-2EC6-4224-834A-73CED49F6616}.Release|Any CPU.Build.0 = Release|Any CPU
		{6DD5F281-BF29-4C87-ABC3-69632A2E7966}.Debug|Any CPU.ActiveCfg = Debug|Any CPU
		{6DD5F281-BF29-4C87-ABC3-69632A2E7966}.Debug|Any CPU.Build.0 = Debug|Any CPU
		{6DD5F281-BF29-4C87-ABC3-69632A2E7966}.Release|Any CPU.ActiveCfg = Release|Any CPU
		{6DD5F281-BF29-4C87-ABC3-69632A2E7966}.Release|Any CPU.Build.0 = Release|Any CPU
		{9CF053D9-85EA-4591-86C1-EA6799760219}.Debug|Any CPU.ActiveCfg = Debug|Any CPU
		{9CF053D9-85EA-4591-86C1-EA6799760219}.Debug|Any CPU.Build.0 = Debug|Any CPU
		{9CF053D9-85EA-4591-86C1-EA6799760219}.Release|Any CPU.ActiveCfg = Release|Any CPU
		{9CF053D9-85EA-4591-86C1-EA6799760219}.Release|Any CPU.Build.0 = Release|Any CPU
		{44DDF883-9CDA-4DA5-9EF2-722E928C18E2}.Debug|Any CPU.ActiveCfg = Debug|Any CPU
		{44DDF883-9CDA-4DA5-9EF2-722E928C18E2}.Debug|Any CPU.Build.0 = Debug|Any CPU
		{44DDF883-9CDA-4DA5-9EF2-722E928C18E2}.Release|Any CPU.ActiveCfg = Release|Any CPU
		{44DDF883-9CDA-4DA5-9EF2-722E928C18E2}.Release|Any CPU.Build.0 = Release|Any CPU
		{474A4534-6C06-40CA-BF1B-15501180A92E}.Debug|Any CPU.ActiveCfg = Debug|Any CPU
		{474A4534-6C06-40CA-BF1B-15501180A92E}.Debug|Any CPU.Build.0 = Debug|Any CPU
		{474A4534-6C06-40CA-BF1B-15501180A92E}.Release|Any CPU.ActiveCfg = Release|Any CPU
		{474A4534-6C06-40CA-BF1B-15501180A92E}.Release|Any CPU.Build.0 = Release|Any CPU
		{042B9A0E-F6AF-4BA4-A02D-77AC1ECADD8D}.Debug|Any CPU.ActiveCfg = Debug|Any CPU
		{042B9A0E-F6AF-4BA4-A02D-77AC1ECADD8D}.Debug|Any CPU.Build.0 = Debug|Any CPU
		{042B9A0E-F6AF-4BA4-A02D-77AC1ECADD8D}.Release|Any CPU.ActiveCfg = Release|Any CPU
		{042B9A0E-F6AF-4BA4-A02D-77AC1ECADD8D}.Release|Any CPU.Build.0 = Release|Any CPU
		{97BF8439-B93E-4974-9C7B-0B3682306727}.Debug|Any CPU.ActiveCfg = Debug|Any CPU
		{97BF8439-B93E-4974-9C7B-0B3682306727}.Debug|Any CPU.Build.0 = Debug|Any CPU
		{97BF8439-B93E-4974-9C7B-0B3682306727}.Release|Any CPU.ActiveCfg = Release|Any CPU
		{97BF8439-B93E-4974-9C7B-0B3682306727}.Release|Any CPU.Build.0 = Release|Any CPU
		{D7A361E9-1CED-4BF4-969E-711CEC84B35A}.Debug|Any CPU.ActiveCfg = Debug|Any CPU
		{D7A361E9-1CED-4BF4-969E-711CEC84B35A}.Debug|Any CPU.Build.0 = Debug|Any CPU
		{D7A361E9-1CED-4BF4-969E-711CEC84B35A}.Release|Any CPU.ActiveCfg = Release|Any CPU
		{D7A361E9-1CED-4BF4-969E-711CEC84B35A}.Release|Any CPU.Build.0 = Release|Any CPU
		{4C94C4AB-5228-43B5-BD5A-56110FB6D3F5}.Debug|Any CPU.ActiveCfg = Debug|Any CPU
		{4C94C4AB-5228-43B5-BD5A-56110FB6D3F5}.Debug|Any CPU.Build.0 = Debug|Any CPU
		{4C94C4AB-5228-43B5-BD5A-56110FB6D3F5}.Release|Any CPU.ActiveCfg = Release|Any CPU
		{4C94C4AB-5228-43B5-BD5A-56110FB6D3F5}.Release|Any CPU.Build.0 = Release|Any CPU
		{3926EAE7-4F5F-47F0-BF92-C8659981CCF7}.Debug|Any CPU.ActiveCfg = Debug|Any CPU
		{3926EAE7-4F5F-47F0-BF92-C8659981CCF7}.Debug|Any CPU.Build.0 = Debug|Any CPU
		{3926EAE7-4F5F-47F0-BF92-C8659981CCF7}.Release|Any CPU.ActiveCfg = Release|Any CPU
		{3926EAE7-4F5F-47F0-BF92-C8659981CCF7}.Release|Any CPU.Build.0 = Release|Any CPU
		{5D50E7FF-6B3E-41F4-A32D-0BCAFDE39118}.Debug|Any CPU.ActiveCfg = Debug|Any CPU
		{5D50E7FF-6B3E-41F4-A32D-0BCAFDE39118}.Debug|Any CPU.Build.0 = Debug|Any CPU
		{5D50E7FF-6B3E-41F4-A32D-0BCAFDE39118}.Release|Any CPU.ActiveCfg = Release|Any CPU
		{5D50E7FF-6B3E-41F4-A32D-0BCAFDE39118}.Release|Any CPU.Build.0 = Release|Any CPU
		{52136604-0CBC-4989-ADCA-F3BA7017086F}.Debug|Any CPU.ActiveCfg = Debug|Any CPU
		{52136604-0CBC-4989-ADCA-F3BA7017086F}.Debug|Any CPU.Build.0 = Debug|Any CPU
		{52136604-0CBC-4989-ADCA-F3BA7017086F}.Release|Any CPU.ActiveCfg = Release|Any CPU
		{52136604-0CBC-4989-ADCA-F3BA7017086F}.Release|Any CPU.Build.0 = Release|Any CPU
		{4CBF49AE-B9D8-4FA5-89E0-E6B0C9062196}.Debug|Any CPU.ActiveCfg = Debug|Any CPU
		{4CBF49AE-B9D8-4FA5-89E0-E6B0C9062196}.Debug|Any CPU.Build.0 = Debug|Any CPU
		{4CBF49AE-B9D8-4FA5-89E0-E6B0C9062196}.Release|Any CPU.ActiveCfg = Release|Any CPU
		{4CBF49AE-B9D8-4FA5-89E0-E6B0C9062196}.Release|Any CPU.Build.0 = Release|Any CPU
		{06CD05E0-93F1-4E47-9909-D69AD6539E3E}.Debug|Any CPU.ActiveCfg = Debug|Any CPU
		{06CD05E0-93F1-4E47-9909-D69AD6539E3E}.Debug|Any CPU.Build.0 = Debug|Any CPU
		{06CD05E0-93F1-4E47-9909-D69AD6539E3E}.Release|Any CPU.ActiveCfg = Release|Any CPU
		{06CD05E0-93F1-4E47-9909-D69AD6539E3E}.Release|Any CPU.Build.0 = Release|Any CPU
		{AEF238CE-8A29-43CB-BA77-E40B93C9138A}.Debug|Any CPU.ActiveCfg = Debug|Any CPU
		{AEF238CE-8A29-43CB-BA77-E40B93C9138A}.Debug|Any CPU.Build.0 = Debug|Any CPU
		{AEF238CE-8A29-43CB-BA77-E40B93C9138A}.Release|Any CPU.ActiveCfg = Release|Any CPU
		{AEF238CE-8A29-43CB-BA77-E40B93C9138A}.Release|Any CPU.Build.0 = Release|Any CPU
		{B0BB1F20-F8B1-4ED9-BEBF-BAE617A6921E}.Debug|Any CPU.ActiveCfg = Debug|Any CPU
		{B0BB1F20-F8B1-4ED9-BEBF-BAE617A6921E}.Debug|Any CPU.Build.0 = Debug|Any CPU
		{B0BB1F20-F8B1-4ED9-BEBF-BAE617A6921E}.Release|Any CPU.ActiveCfg = Release|Any CPU
		{B0BB1F20-F8B1-4ED9-BEBF-BAE617A6921E}.Release|Any CPU.Build.0 = Release|Any CPU
		{65725947-6D0A-4DE9-88C0-C573801DB54C}.Debug|Any CPU.ActiveCfg = Debug|Any CPU
		{65725947-6D0A-4DE9-88C0-C573801DB54C}.Debug|Any CPU.Build.0 = Debug|Any CPU
		{65725947-6D0A-4DE9-88C0-C573801DB54C}.Release|Any CPU.ActiveCfg = Release|Any CPU
		{65725947-6D0A-4DE9-88C0-C573801DB54C}.Release|Any CPU.Build.0 = Release|Any CPU
		{E4AA660F-9254-4478-9D62-AFD48385DEAD}.Debug|Any CPU.ActiveCfg = Debug|Any CPU
		{E4AA660F-9254-4478-9D62-AFD48385DEAD}.Debug|Any CPU.Build.0 = Debug|Any CPU
		{E4AA660F-9254-4478-9D62-AFD48385DEAD}.Release|Any CPU.ActiveCfg = Release|Any CPU
		{E4AA660F-9254-4478-9D62-AFD48385DEAD}.Release|Any CPU.Build.0 = Release|Any CPU
		{B397EA27-E029-4AE8-A4C9-BFCDD75BF2BF}.Debug|Any CPU.ActiveCfg = Debug|Any CPU
		{B397EA27-E029-4AE8-A4C9-BFCDD75BF2BF}.Debug|Any CPU.Build.0 = Debug|Any CPU
		{B397EA27-E029-4AE8-A4C9-BFCDD75BF2BF}.Release|Any CPU.ActiveCfg = Release|Any CPU
		{B397EA27-E029-4AE8-A4C9-BFCDD75BF2BF}.Release|Any CPU.Build.0 = Release|Any CPU
		{B6E80688-AEEC-4572-A0EE-F9476505AC9F}.Debug|Any CPU.ActiveCfg = Debug|Any CPU
		{B6E80688-AEEC-4572-A0EE-F9476505AC9F}.Debug|Any CPU.Build.0 = Debug|Any CPU
		{B6E80688-AEEC-4572-A0EE-F9476505AC9F}.Release|Any CPU.ActiveCfg = Release|Any CPU
		{B6E80688-AEEC-4572-A0EE-F9476505AC9F}.Release|Any CPU.Build.0 = Release|Any CPU
		{6000491A-E9F3-4840-A69D-3DFC832C706F}.Debug|Any CPU.ActiveCfg = Debug|Any CPU
		{6000491A-E9F3-4840-A69D-3DFC832C706F}.Debug|Any CPU.Build.0 = Debug|Any CPU
		{6000491A-E9F3-4840-A69D-3DFC832C706F}.Release|Any CPU.ActiveCfg = Release|Any CPU
		{6000491A-E9F3-4840-A69D-3DFC832C706F}.Release|Any CPU.Build.0 = Release|Any CPU
		{C332B4C5-2E85-4138-B669-529E43B10BB1}.Debug|Any CPU.ActiveCfg = Debug|Any CPU
		{C332B4C5-2E85-4138-B669-529E43B10BB1}.Debug|Any CPU.Build.0 = Debug|Any CPU
		{C332B4C5-2E85-4138-B669-529E43B10BB1}.Release|Any CPU.ActiveCfg = Release|Any CPU
		{C332B4C5-2E85-4138-B669-529E43B10BB1}.Release|Any CPU.Build.0 = Release|Any CPU
		{EBD1897D-1EB0-4900-8132-F48C7628F0B3}.Debug|Any CPU.ActiveCfg = Debug|Any CPU
		{EBD1897D-1EB0-4900-8132-F48C7628F0B3}.Debug|Any CPU.Build.0 = Debug|Any CPU
		{EBD1897D-1EB0-4900-8132-F48C7628F0B3}.Release|Any CPU.ActiveCfg = Release|Any CPU
		{EBD1897D-1EB0-4900-8132-F48C7628F0B3}.Release|Any CPU.Build.0 = Release|Any CPU
		{A5451626-F84E-4E34-AA42-2411ACBE6A8F}.Debug|Any CPU.ActiveCfg = Debug|Any CPU
		{A5451626-F84E-4E34-AA42-2411ACBE6A8F}.Debug|Any CPU.Build.0 = Debug|Any CPU
		{A5451626-F84E-4E34-AA42-2411ACBE6A8F}.Release|Any CPU.ActiveCfg = Release|Any CPU
		{A5451626-F84E-4E34-AA42-2411ACBE6A8F}.Release|Any CPU.Build.0 = Release|Any CPU
		{67C4205D-C352-4173-86FE-79B645A59382}.Debug|Any CPU.ActiveCfg = Debug|Any CPU
		{67C4205D-C352-4173-86FE-79B645A59382}.Debug|Any CPU.Build.0 = Debug|Any CPU
		{67C4205D-C352-4173-86FE-79B645A59382}.Release|Any CPU.ActiveCfg = Release|Any CPU
		{67C4205D-C352-4173-86FE-79B645A59382}.Release|Any CPU.Build.0 = Release|Any CPU
		{4FE21373-AB6B-47B1-BE30-838398147694}.Debug|Any CPU.ActiveCfg = Debug|Any CPU
		{4FE21373-AB6B-47B1-BE30-838398147694}.Debug|Any CPU.Build.0 = Debug|Any CPU
		{4FE21373-AB6B-47B1-BE30-838398147694}.Release|Any CPU.ActiveCfg = Release|Any CPU
		{4FE21373-AB6B-47B1-BE30-838398147694}.Release|Any CPU.Build.0 = Release|Any CPU
		{A7DFECB7-34CD-4848-85FA-60DA43ABBA05}.Debug|Any CPU.ActiveCfg = Debug|Any CPU
		{A7DFECB7-34CD-4848-85FA-60DA43ABBA05}.Debug|Any CPU.Build.0 = Debug|Any CPU
		{A7DFECB7-34CD-4848-85FA-60DA43ABBA05}.Release|Any CPU.ActiveCfg = Release|Any CPU
		{A7DFECB7-34CD-4848-85FA-60DA43ABBA05}.Release|Any CPU.Build.0 = Release|Any CPU
		{F0D21493-2948-4940-ACF5-597A5DCDAC61}.Debug|Any CPU.ActiveCfg = Debug|Any CPU
		{F0D21493-2948-4940-ACF5-597A5DCDAC61}.Debug|Any CPU.Build.0 = Debug|Any CPU
		{F0D21493-2948-4940-ACF5-597A5DCDAC61}.Release|Any CPU.ActiveCfg = Release|Any CPU
		{F0D21493-2948-4940-ACF5-597A5DCDAC61}.Release|Any CPU.Build.0 = Release|Any CPU
		{24686535-7A60-4CDA-B231-9ED59F1EA20F}.Debug|Any CPU.ActiveCfg = Debug|Any CPU
		{24686535-7A60-4CDA-B231-9ED59F1EA20F}.Debug|Any CPU.Build.0 = Debug|Any CPU
		{24686535-7A60-4CDA-B231-9ED59F1EA20F}.Release|Any CPU.ActiveCfg = Release|Any CPU
		{24686535-7A60-4CDA-B231-9ED59F1EA20F}.Release|Any CPU.Build.0 = Release|Any CPU
		{928B3AD2-09D1-4A16-AE1A-692F3FE2E287}.Debug|Any CPU.ActiveCfg = Debug|Any CPU
		{928B3AD2-09D1-4A16-AE1A-692F3FE2E287}.Debug|Any CPU.Build.0 = Debug|Any CPU
		{928B3AD2-09D1-4A16-AE1A-692F3FE2E287}.Release|Any CPU.ActiveCfg = Release|Any CPU
		{928B3AD2-09D1-4A16-AE1A-692F3FE2E287}.Release|Any CPU.Build.0 = Release|Any CPU
		{33A1B452-D13D-4D11-9E75-4C9878CFDE04}.Debug|Any CPU.ActiveCfg = Debug|Any CPU
		{33A1B452-D13D-4D11-9E75-4C9878CFDE04}.Debug|Any CPU.Build.0 = Debug|Any CPU
		{33A1B452-D13D-4D11-9E75-4C9878CFDE04}.Release|Any CPU.ActiveCfg = Release|Any CPU
		{33A1B452-D13D-4D11-9E75-4C9878CFDE04}.Release|Any CPU.Build.0 = Release|Any CPU
		{A40DA870-7281-4E72-9782-55E7FED9AA42}.Debug|Any CPU.ActiveCfg = Debug|Any CPU
		{A40DA870-7281-4E72-9782-55E7FED9AA42}.Debug|Any CPU.Build.0 = Debug|Any CPU
		{A40DA870-7281-4E72-9782-55E7FED9AA42}.Release|Any CPU.ActiveCfg = Release|Any CPU
		{A40DA870-7281-4E72-9782-55E7FED9AA42}.Release|Any CPU.Build.0 = Release|Any CPU
		{054CB384-E822-4055-A521-1C2D56F83D03}.Debug|Any CPU.ActiveCfg = Debug|Any CPU
		{054CB384-E822-4055-A521-1C2D56F83D03}.Debug|Any CPU.Build.0 = Debug|Any CPU
		{054CB384-E822-4055-A521-1C2D56F83D03}.Release|Any CPU.ActiveCfg = Release|Any CPU
		{054CB384-E822-4055-A521-1C2D56F83D03}.Release|Any CPU.Build.0 = Release|Any CPU
		{551981EE-C6D1-4B71-BCB8-0A867168461C}.Debug|Any CPU.ActiveCfg = Debug|Any CPU
		{551981EE-C6D1-4B71-BCB8-0A867168461C}.Debug|Any CPU.Build.0 = Debug|Any CPU
		{551981EE-C6D1-4B71-BCB8-0A867168461C}.Release|Any CPU.ActiveCfg = Release|Any CPU
		{551981EE-C6D1-4B71-BCB8-0A867168461C}.Release|Any CPU.Build.0 = Release|Any CPU
		{F68641F9-598E-4737-9EA5-E63E46E6CA6A}.Debug|Any CPU.ActiveCfg = Debug|Any CPU
		{F68641F9-598E-4737-9EA5-E63E46E6CA6A}.Debug|Any CPU.Build.0 = Debug|Any CPU
		{F68641F9-598E-4737-9EA5-E63E46E6CA6A}.Release|Any CPU.ActiveCfg = Release|Any CPU
		{F68641F9-598E-4737-9EA5-E63E46E6CA6A}.Release|Any CPU.Build.0 = Release|Any CPU
		{2D78C23F-C43E-4C98-A976-C4A050FF97B7}.Debug|Any CPU.ActiveCfg = Debug|Any CPU
		{2D78C23F-C43E-4C98-A976-C4A050FF97B7}.Debug|Any CPU.Build.0 = Debug|Any CPU
		{2D78C23F-C43E-4C98-A976-C4A050FF97B7}.Release|Any CPU.ActiveCfg = Release|Any CPU
		{2D78C23F-C43E-4C98-A976-C4A050FF97B7}.Release|Any CPU.Build.0 = Release|Any CPU
		{B1789A02-D511-4532-8E5B-FB36FC1772B5}.Debug|Any CPU.ActiveCfg = Debug|Any CPU
		{B1789A02-D511-4532-8E5B-FB36FC1772B5}.Debug|Any CPU.Build.0 = Debug|Any CPU
		{B1789A02-D511-4532-8E5B-FB36FC1772B5}.Release|Any CPU.ActiveCfg = Release|Any CPU
		{B1789A02-D511-4532-8E5B-FB36FC1772B5}.Release|Any CPU.Build.0 = Release|Any CPU
		{30501C78-5F46-47F8-A728-37AB5E201B56}.Debug|Any CPU.ActiveCfg = Debug|Any CPU
		{30501C78-5F46-47F8-A728-37AB5E201B56}.Debug|Any CPU.Build.0 = Debug|Any CPU
		{30501C78-5F46-47F8-A728-37AB5E201B56}.Release|Any CPU.ActiveCfg = Release|Any CPU
		{30501C78-5F46-47F8-A728-37AB5E201B56}.Release|Any CPU.Build.0 = Release|Any CPU
		{A0DE2CC5-A8B4-404C-87ED-D0282AF50FDD}.Debug|Any CPU.ActiveCfg = Debug|Any CPU
		{A0DE2CC5-A8B4-404C-87ED-D0282AF50FDD}.Debug|Any CPU.Build.0 = Debug|Any CPU
		{A0DE2CC5-A8B4-404C-87ED-D0282AF50FDD}.Release|Any CPU.ActiveCfg = Release|Any CPU
		{A0DE2CC5-A8B4-404C-87ED-D0282AF50FDD}.Release|Any CPU.Build.0 = Release|Any CPU
		{B3C7761F-FF75-47C9-9B1C-CA46CDF9A375}.Debug|Any CPU.ActiveCfg = Debug|Any CPU
		{B3C7761F-FF75-47C9-9B1C-CA46CDF9A375}.Debug|Any CPU.Build.0 = Debug|Any CPU
		{B3C7761F-FF75-47C9-9B1C-CA46CDF9A375}.Release|Any CPU.ActiveCfg = Release|Any CPU
		{B3C7761F-FF75-47C9-9B1C-CA46CDF9A375}.Release|Any CPU.Build.0 = Release|Any CPU
		{285B0F3A-A668-4F74-B75C-EFF6041F8B4B}.Debug|Any CPU.ActiveCfg = Debug|Any CPU
		{285B0F3A-A668-4F74-B75C-EFF6041F8B4B}.Debug|Any CPU.Build.0 = Debug|Any CPU
		{285B0F3A-A668-4F74-B75C-EFF6041F8B4B}.Release|Any CPU.ActiveCfg = Release|Any CPU
		{285B0F3A-A668-4F74-B75C-EFF6041F8B4B}.Release|Any CPU.Build.0 = Release|Any CPU
		{8A6C8C40-59C7-45C4-AA41-2DF432D3183A}.Debug|Any CPU.ActiveCfg = Debug|Any CPU
		{8A6C8C40-59C7-45C4-AA41-2DF432D3183A}.Debug|Any CPU.Build.0 = Debug|Any CPU
		{8A6C8C40-59C7-45C4-AA41-2DF432D3183A}.Release|Any CPU.ActiveCfg = Release|Any CPU
		{8A6C8C40-59C7-45C4-AA41-2DF432D3183A}.Release|Any CPU.Build.0 = Release|Any CPU
		{FE835653-6B9A-4D5A-9FF5-028643B40BBE}.Debug|Any CPU.ActiveCfg = Debug|Any CPU
		{FE835653-6B9A-4D5A-9FF5-028643B40BBE}.Debug|Any CPU.Build.0 = Debug|Any CPU
		{FE835653-6B9A-4D5A-9FF5-028643B40BBE}.Release|Any CPU.ActiveCfg = Release|Any CPU
		{FE835653-6B9A-4D5A-9FF5-028643B40BBE}.Release|Any CPU.Build.0 = Release|Any CPU
		{DE121EA3-0C18-4646-9894-5B171FC83013}.Debug|Any CPU.ActiveCfg = Debug|Any CPU
		{DE121EA3-0C18-4646-9894-5B171FC83013}.Debug|Any CPU.Build.0 = Debug|Any CPU
		{DE121EA3-0C18-4646-9894-5B171FC83013}.Release|Any CPU.ActiveCfg = Release|Any CPU
		{DE121EA3-0C18-4646-9894-5B171FC83013}.Release|Any CPU.Build.0 = Release|Any CPU
		{C7188AB2-2AC2-425E-BD37-6C8EF305F58B}.Debug|Any CPU.ActiveCfg = Debug|Any CPU
		{C7188AB2-2AC2-425E-BD37-6C8EF305F58B}.Debug|Any CPU.Build.0 = Debug|Any CPU
		{C7188AB2-2AC2-425E-BD37-6C8EF305F58B}.Release|Any CPU.ActiveCfg = Release|Any CPU
		{C7188AB2-2AC2-425E-BD37-6C8EF305F58B}.Release|Any CPU.Build.0 = Release|Any CPU
		{77F1A758-CE3F-49AF-BA31-28AFE6F3BB96}.Debug|Any CPU.ActiveCfg = Debug|Any CPU
		{77F1A758-CE3F-49AF-BA31-28AFE6F3BB96}.Debug|Any CPU.Build.0 = Debug|Any CPU
		{77F1A758-CE3F-49AF-BA31-28AFE6F3BB96}.Release|Any CPU.ActiveCfg = Release|Any CPU
		{77F1A758-CE3F-49AF-BA31-28AFE6F3BB96}.Release|Any CPU.Build.0 = Release|Any CPU
		{56CA4260-66D5-401A-ABBF-AF2D92D75835}.Debug|Any CPU.ActiveCfg = Debug|Any CPU
		{56CA4260-66D5-401A-ABBF-AF2D92D75835}.Debug|Any CPU.Build.0 = Debug|Any CPU
		{56CA4260-66D5-401A-ABBF-AF2D92D75835}.Release|Any CPU.ActiveCfg = Release|Any CPU
		{56CA4260-66D5-401A-ABBF-AF2D92D75835}.Release|Any CPU.Build.0 = Release|Any CPU
		{F4636B60-6C47-4FCE-B034-4AB7D6C1F440}.Debug|Any CPU.ActiveCfg = Debug|Any CPU
		{F4636B60-6C47-4FCE-B034-4AB7D6C1F440}.Debug|Any CPU.Build.0 = Debug|Any CPU
		{F4636B60-6C47-4FCE-B034-4AB7D6C1F440}.Release|Any CPU.ActiveCfg = Release|Any CPU
		{F4636B60-6C47-4FCE-B034-4AB7D6C1F440}.Release|Any CPU.Build.0 = Release|Any CPU
		{DDB74DF2-E48C-4ABB-8BDF-0D38D9197D6A}.Debug|Any CPU.ActiveCfg = Debug|Any CPU
		{DDB74DF2-E48C-4ABB-8BDF-0D38D9197D6A}.Debug|Any CPU.Build.0 = Debug|Any CPU
		{DDB74DF2-E48C-4ABB-8BDF-0D38D9197D6A}.Release|Any CPU.ActiveCfg = Release|Any CPU
		{DDB74DF2-E48C-4ABB-8BDF-0D38D9197D6A}.Release|Any CPU.Build.0 = Release|Any CPU
		{A67F9B96-AFCC-4BDB-9557-303BA1BE21B5}.Debug|Any CPU.ActiveCfg = Debug|Any CPU
		{A67F9B96-AFCC-4BDB-9557-303BA1BE21B5}.Debug|Any CPU.Build.0 = Debug|Any CPU
		{A67F9B96-AFCC-4BDB-9557-303BA1BE21B5}.Release|Any CPU.ActiveCfg = Release|Any CPU
		{A67F9B96-AFCC-4BDB-9557-303BA1BE21B5}.Release|Any CPU.Build.0 = Release|Any CPU
		{BA98105E-1683-4BFA-9FCB-9DB56ED64C2E}.Debug|Any CPU.ActiveCfg = Debug|Any CPU
		{BA98105E-1683-4BFA-9FCB-9DB56ED64C2E}.Debug|Any CPU.Build.0 = Debug|Any CPU
		{BA98105E-1683-4BFA-9FCB-9DB56ED64C2E}.Release|Any CPU.ActiveCfg = Release|Any CPU
		{BA98105E-1683-4BFA-9FCB-9DB56ED64C2E}.Release|Any CPU.Build.0 = Release|Any CPU
		{58101109-E7B0-42B7-BC22-43C9D6735349}.Debug|Any CPU.ActiveCfg = Debug|Any CPU
		{58101109-E7B0-42B7-BC22-43C9D6735349}.Debug|Any CPU.Build.0 = Debug|Any CPU
		{58101109-E7B0-42B7-BC22-43C9D6735349}.Release|Any CPU.ActiveCfg = Release|Any CPU
		{58101109-E7B0-42B7-BC22-43C9D6735349}.Release|Any CPU.Build.0 = Release|Any CPU
		{F62C1179-9DD5-46DC-A90A-FD263C5F3499}.Debug|Any CPU.ActiveCfg = Debug|Any CPU
		{F62C1179-9DD5-46DC-A90A-FD263C5F3499}.Debug|Any CPU.Build.0 = Debug|Any CPU
		{F62C1179-9DD5-46DC-A90A-FD263C5F3499}.Release|Any CPU.ActiveCfg = Release|Any CPU
		{F62C1179-9DD5-46DC-A90A-FD263C5F3499}.Release|Any CPU.Build.0 = Release|Any CPU
		{D6E839B5-E914-4B90-A5A8-B8D0F4E6B5A7}.Debug|Any CPU.ActiveCfg = Debug|Any CPU
		{D6E839B5-E914-4B90-A5A8-B8D0F4E6B5A7}.Debug|Any CPU.Build.0 = Debug|Any CPU
		{D6E839B5-E914-4B90-A5A8-B8D0F4E6B5A7}.Release|Any CPU.ActiveCfg = Release|Any CPU
		{D6E839B5-E914-4B90-A5A8-B8D0F4E6B5A7}.Release|Any CPU.Build.0 = Release|Any CPU
		{FA8959D0-37F7-4242-9070-11FBB4E4E929}.Debug|Any CPU.ActiveCfg = Debug|Any CPU
		{FA8959D0-37F7-4242-9070-11FBB4E4E929}.Debug|Any CPU.Build.0 = Debug|Any CPU
		{FA8959D0-37F7-4242-9070-11FBB4E4E929}.Release|Any CPU.ActiveCfg = Release|Any CPU
		{FA8959D0-37F7-4242-9070-11FBB4E4E929}.Release|Any CPU.Build.0 = Release|Any CPU
		{E9F898DB-8ADE-4225-A3F7-B36801A8C3A3}.Debug|Any CPU.ActiveCfg = Debug|Any CPU
		{E9F898DB-8ADE-4225-A3F7-B36801A8C3A3}.Debug|Any CPU.Build.0 = Debug|Any CPU
		{E9F898DB-8ADE-4225-A3F7-B36801A8C3A3}.Release|Any CPU.ActiveCfg = Release|Any CPU
		{E9F898DB-8ADE-4225-A3F7-B36801A8C3A3}.Release|Any CPU.Build.0 = Release|Any CPU
		{96D79B1A-1B78-45AA-997C-A642F2457D1F}.Debug|Any CPU.ActiveCfg = Debug|Any CPU
		{96D79B1A-1B78-45AA-997C-A642F2457D1F}.Debug|Any CPU.Build.0 = Debug|Any CPU
		{96D79B1A-1B78-45AA-997C-A642F2457D1F}.Release|Any CPU.ActiveCfg = Release|Any CPU
		{96D79B1A-1B78-45AA-997C-A642F2457D1F}.Release|Any CPU.Build.0 = Release|Any CPU
		{F4A4D526-E22A-40EB-A7BF-6D17CCB7613D}.Debug|Any CPU.ActiveCfg = Debug|Any CPU
		{F4A4D526-E22A-40EB-A7BF-6D17CCB7613D}.Debug|Any CPU.Build.0 = Debug|Any CPU
		{F4A4D526-E22A-40EB-A7BF-6D17CCB7613D}.Release|Any CPU.ActiveCfg = Release|Any CPU
		{F4A4D526-E22A-40EB-A7BF-6D17CCB7613D}.Release|Any CPU.Build.0 = Release|Any CPU
		{6B91ECEA-833A-4088-BCC9-A5DE38734A89}.Debug|Any CPU.ActiveCfg = Debug|Any CPU
		{6B91ECEA-833A-4088-BCC9-A5DE38734A89}.Debug|Any CPU.Build.0 = Debug|Any CPU
		{6B91ECEA-833A-4088-BCC9-A5DE38734A89}.Release|Any CPU.ActiveCfg = Release|Any CPU
		{6B91ECEA-833A-4088-BCC9-A5DE38734A89}.Release|Any CPU.Build.0 = Release|Any CPU
		{E3EB12F7-59FE-4F1F-9CFD-BB74937AA8FB}.Debug|Any CPU.ActiveCfg = Debug|Any CPU
		{E3EB12F7-59FE-4F1F-9CFD-BB74937AA8FB}.Debug|Any CPU.Build.0 = Debug|Any CPU
		{E3EB12F7-59FE-4F1F-9CFD-BB74937AA8FB}.Release|Any CPU.ActiveCfg = Release|Any CPU
		{E3EB12F7-59FE-4F1F-9CFD-BB74937AA8FB}.Release|Any CPU.Build.0 = Release|Any CPU
		{9E77E495-E0A1-469D-B09E-75A28AB68DE6}.Debug|Any CPU.ActiveCfg = Debug|Any CPU
		{9E77E495-E0A1-469D-B09E-75A28AB68DE6}.Debug|Any CPU.Build.0 = Debug|Any CPU
		{9E77E495-E0A1-469D-B09E-75A28AB68DE6}.Release|Any CPU.ActiveCfg = Release|Any CPU
		{9E77E495-E0A1-469D-B09E-75A28AB68DE6}.Release|Any CPU.Build.0 = Release|Any CPU
		{052704E3-4BFE-4B89-B8D3-35D476B2716B}.Debug|Any CPU.ActiveCfg = Debug|Any CPU
		{052704E3-4BFE-4B89-B8D3-35D476B2716B}.Debug|Any CPU.Build.0 = Debug|Any CPU
		{052704E3-4BFE-4B89-B8D3-35D476B2716B}.Release|Any CPU.ActiveCfg = Release|Any CPU
		{052704E3-4BFE-4B89-B8D3-35D476B2716B}.Release|Any CPU.Build.0 = Release|Any CPU
		{8DE0C2F0-375D-4355-B24E-412FC25E01EE}.Debug|Any CPU.ActiveCfg = Debug|Any CPU
		{8DE0C2F0-375D-4355-B24E-412FC25E01EE}.Debug|Any CPU.Build.0 = Debug|Any CPU
		{8DE0C2F0-375D-4355-B24E-412FC25E01EE}.Release|Any CPU.ActiveCfg = Release|Any CPU
		{8DE0C2F0-375D-4355-B24E-412FC25E01EE}.Release|Any CPU.Build.0 = Release|Any CPU
		{8AF51A9D-8573-4EA7-8FE0-8FE73B6A23A7}.Debug|Any CPU.ActiveCfg = Debug|Any CPU
		{8AF51A9D-8573-4EA7-8FE0-8FE73B6A23A7}.Debug|Any CPU.Build.0 = Debug|Any CPU
		{8AF51A9D-8573-4EA7-8FE0-8FE73B6A23A7}.Release|Any CPU.ActiveCfg = Release|Any CPU
		{8AF51A9D-8573-4EA7-8FE0-8FE73B6A23A7}.Release|Any CPU.Build.0 = Release|Any CPU
		{D13B2BC8-5214-465B-A71E-96234146A3A7}.Debug|Any CPU.ActiveCfg = Debug|Any CPU
		{D13B2BC8-5214-465B-A71E-96234146A3A7}.Debug|Any CPU.Build.0 = Debug|Any CPU
		{D13B2BC8-5214-465B-A71E-96234146A3A7}.Release|Any CPU.ActiveCfg = Release|Any CPU
		{D13B2BC8-5214-465B-A71E-96234146A3A7}.Release|Any CPU.Build.0 = Release|Any CPU
		{F6371D34-FED2-4C60-8DB0-19D30A9F4082}.Debug|Any CPU.ActiveCfg = Debug|Any CPU
		{F6371D34-FED2-4C60-8DB0-19D30A9F4082}.Debug|Any CPU.Build.0 = Debug|Any CPU
		{F6371D34-FED2-4C60-8DB0-19D30A9F4082}.Release|Any CPU.ActiveCfg = Release|Any CPU
		{F6371D34-FED2-4C60-8DB0-19D30A9F4082}.Release|Any CPU.Build.0 = Release|Any CPU
		{74C0FBB8-8CD0-43A1-97E7-AC32F8055E86}.Debug|Any CPU.ActiveCfg = Debug|Any CPU
		{74C0FBB8-8CD0-43A1-97E7-AC32F8055E86}.Debug|Any CPU.Build.0 = Debug|Any CPU
		{74C0FBB8-8CD0-43A1-97E7-AC32F8055E86}.Release|Any CPU.ActiveCfg = Release|Any CPU
		{74C0FBB8-8CD0-43A1-97E7-AC32F8055E86}.Release|Any CPU.Build.0 = Release|Any CPU
		{D1B9DBF4-D46D-4F88-9709-CF041F60ECEB}.Debug|Any CPU.ActiveCfg = Debug|Any CPU
		{D1B9DBF4-D46D-4F88-9709-CF041F60ECEB}.Debug|Any CPU.Build.0 = Debug|Any CPU
		{D1B9DBF4-D46D-4F88-9709-CF041F60ECEB}.Release|Any CPU.ActiveCfg = Release|Any CPU
		{D1B9DBF4-D46D-4F88-9709-CF041F60ECEB}.Release|Any CPU.Build.0 = Release|Any CPU
		{3F347ECE-19CF-46A2-8A5A-66415F37FE7B}.Debug|Any CPU.ActiveCfg = Debug|Any CPU
		{3F347ECE-19CF-46A2-8A5A-66415F37FE7B}.Debug|Any CPU.Build.0 = Debug|Any CPU
		{3F347ECE-19CF-46A2-8A5A-66415F37FE7B}.Release|Any CPU.ActiveCfg = Release|Any CPU
		{3F347ECE-19CF-46A2-8A5A-66415F37FE7B}.Release|Any CPU.Build.0 = Release|Any CPU
		{5CD41278-7D66-48FD-A339-59CE5D0443B6}.Debug|Any CPU.ActiveCfg = Debug|Any CPU
		{5CD41278-7D66-48FD-A339-59CE5D0443B6}.Debug|Any CPU.Build.0 = Debug|Any CPU
		{5CD41278-7D66-48FD-A339-59CE5D0443B6}.Release|Any CPU.ActiveCfg = Release|Any CPU
		{5CD41278-7D66-48FD-A339-59CE5D0443B6}.Release|Any CPU.Build.0 = Release|Any CPU
		{757CDA38-942C-4A01-823C-DB359FDEDD44}.Debug|Any CPU.ActiveCfg = Debug|Any CPU
		{757CDA38-942C-4A01-823C-DB359FDEDD44}.Debug|Any CPU.Build.0 = Debug|Any CPU
		{757CDA38-942C-4A01-823C-DB359FDEDD44}.Release|Any CPU.ActiveCfg = Release|Any CPU
		{757CDA38-942C-4A01-823C-DB359FDEDD44}.Release|Any CPU.Build.0 = Release|Any CPU
		{BBB82E5F-81DE-4265-98BB-F9CB0915ED12}.Debug|Any CPU.ActiveCfg = Debug|Any CPU
		{BBB82E5F-81DE-4265-98BB-F9CB0915ED12}.Debug|Any CPU.Build.0 = Debug|Any CPU
		{BBB82E5F-81DE-4265-98BB-F9CB0915ED12}.Release|Any CPU.ActiveCfg = Release|Any CPU
		{BBB82E5F-81DE-4265-98BB-F9CB0915ED12}.Release|Any CPU.Build.0 = Release|Any CPU
		{FB7F9551-A29E-42AE-8403-8D8E26FDD06B}.Debug|Any CPU.ActiveCfg = Debug|Any CPU
		{FB7F9551-A29E-42AE-8403-8D8E26FDD06B}.Debug|Any CPU.Build.0 = Debug|Any CPU
		{FB7F9551-A29E-42AE-8403-8D8E26FDD06B}.Release|Any CPU.ActiveCfg = Release|Any CPU
		{FB7F9551-A29E-42AE-8403-8D8E26FDD06B}.Release|Any CPU.Build.0 = Release|Any CPU
		{9F0673C6-E427-4F2C-A38D-E2FFA151DFF3}.Debug|Any CPU.ActiveCfg = Debug|Any CPU
		{9F0673C6-E427-4F2C-A38D-E2FFA151DFF3}.Debug|Any CPU.Build.0 = Debug|Any CPU
		{9F0673C6-E427-4F2C-A38D-E2FFA151DFF3}.Release|Any CPU.ActiveCfg = Release|Any CPU
		{9F0673C6-E427-4F2C-A38D-E2FFA151DFF3}.Release|Any CPU.Build.0 = Release|Any CPU
		{9FF8C39D-1E40-46CC-8898-46A9D8E30786}.Debug|Any CPU.ActiveCfg = Debug|Any CPU
		{9FF8C39D-1E40-46CC-8898-46A9D8E30786}.Debug|Any CPU.Build.0 = Debug|Any CPU
		{9FF8C39D-1E40-46CC-8898-46A9D8E30786}.Release|Any CPU.ActiveCfg = Release|Any CPU
		{9FF8C39D-1E40-46CC-8898-46A9D8E30786}.Release|Any CPU.Build.0 = Release|Any CPU
		{BCC12B7E-EA9B-44F5-A248-ACBDBF322A2B}.Debug|Any CPU.ActiveCfg = Debug|Any CPU
		{BCC12B7E-EA9B-44F5-A248-ACBDBF322A2B}.Debug|Any CPU.Build.0 = Debug|Any CPU
		{BCC12B7E-EA9B-44F5-A248-ACBDBF322A2B}.Release|Any CPU.ActiveCfg = Release|Any CPU
		{BCC12B7E-EA9B-44F5-A248-ACBDBF322A2B}.Release|Any CPU.Build.0 = Release|Any CPU
		{FFDD4AF3-B4DB-4A60-AFA9-DA5920377C15}.Debug|Any CPU.ActiveCfg = Debug|Any CPU
		{FFDD4AF3-B4DB-4A60-AFA9-DA5920377C15}.Debug|Any CPU.Build.0 = Debug|Any CPU
		{FFDD4AF3-B4DB-4A60-AFA9-DA5920377C15}.Release|Any CPU.ActiveCfg = Release|Any CPU
		{FFDD4AF3-B4DB-4A60-AFA9-DA5920377C15}.Release|Any CPU.Build.0 = Release|Any CPU
	EndGlobalSection
	GlobalSection(SolutionProperties) = preSolution
		HideSolutionNode = FALSE
	EndGlobalSection
	GlobalSection(ExtensibilityGlobals) = postSolution
		SolutionGuid = {CA16F92F-0ABE-4B1D-8153-A6E69AEDE60D}
	EndGlobalSection
EndGlobal
